
Microsoft Visual Studio Solution File, Format Version 12.00
# Visual Studio Version 16
VisualStudioVersion = 16.0.29911.84
MinimumVisualStudioVersion = 10.0.40219.1
Project("{9A19103F-16F7-4668-BE54-9A1E7A4F7556}") = "Music_store_backend", "Music_store_backend.csproj", "{2D32CBB5-4895-487E-B6E7-077E7EF449BE}"
EndProject
Global
	GlobalSection(SolutionConfigurationPlatforms) = preSolution
		Debug|Any CPU = Debug|Any CPU
		Release|Any CPU = Release|Any CPU
	EndGlobalSection
	GlobalSection(ProjectConfigurationPlatforms) = postSolution
		{2D32CBB5-4895-487E-B6E7-077E7EF449BE}.Debug|Any CPU.ActiveCfg = Debug|Any CPU
		{2D32CBB5-4895-487E-B6E7-077E7EF449BE}.Debug|Any CPU.Build.0 = Debug|Any CPU
		{2D32CBB5-4895-487E-B6E7-077E7EF449BE}.Release|Any CPU.ActiveCfg = Release|Any CPU
		{2D32CBB5-4895-487E-B6E7-077E7EF449BE}.Release|Any CPU.Build.0 = Release|Any CPU
	EndGlobalSection
	GlobalSection(SolutionProperties) = preSolution
		HideSolutionNode = FALSE
	EndGlobalSection
	GlobalSection(ExtensibilityGlobals) = postSolution
		SolutionGuid = {939BDCEC-3178-4D89-BF2B-1946EAF6B87E}
	EndGlobalSection
EndGlobal
